# THIS IS AN AUTOGENERATED FILE. DO NOT EDIT THIS FILE DIRECTLY.
# yarn lockfile v1


"@bufbuild/protobuf@^2.5.0":
  version "2.7.0"
  resolved "https://registry.yarnpkg.com/@bufbuild/protobuf/-/protobuf-2.7.0.tgz#8944a4575abdc222839f93e90c861a67f1981787"
  integrity sha512-qn6tAIZEw5i/wiESBF4nQxZkl86aY4KoO0IkUa2Lh+rya64oTOdJQFlZuMwI1Qz9VBJQrQC4QlSA2DNek5gCOA==

"@esbuild/aix-ppc64@0.25.9":
  version "0.25.9"
  resolved "https://registry.yarnpkg.com/@esbuild/aix-ppc64/-/aix-ppc64-0.25.9.tgz#bef96351f16520055c947aba28802eede3c9e9a9"
  integrity sha512-OaGtL73Jck6pBKjNIe24BnFE6agGl+6KxDtTfHhy1HmhthfKouEcOhqpSL64K4/0WCtbKFLOdzD/44cJ4k9opA==

"@esbuild/android-arm64@0.25.9":
  version "0.25.9"
  resolved "https://registry.yarnpkg.com/@esbuild/android-arm64/-/android-arm64-0.25.9.tgz#d2e70be7d51a529425422091e0dcb90374c1546c"
  integrity sha512-IDrddSmpSv51ftWslJMvl3Q2ZT98fUSL2/rlUXuVqRXHCs5EUF1/f+jbjF5+NG9UffUDMCiTyh8iec7u8RlTLg==

"@esbuild/android-arm@0.25.9":
  version "0.25.9"
  resolved "https://registry.yarnpkg.com/@esbuild/android-arm/-/android-arm-0.25.9.tgz#d2a753fe2a4c73b79437d0ba1480e2d760097419"
  integrity sha512-5WNI1DaMtxQ7t7B6xa572XMXpHAaI/9Hnhk8lcxF4zVN4xstUgTlvuGDorBguKEnZO70qwEcLpfifMLoxiPqHQ==

"@esbuild/android-x64@0.25.9":
  version "0.25.9"
  resolved "https://registry.yarnpkg.com/@esbuild/android-x64/-/android-x64-0.25.9.tgz#5278836e3c7ae75761626962f902a0d55352e683"
  integrity sha512-I853iMZ1hWZdNllhVZKm34f4wErd4lMyeV7BLzEExGEIZYsOzqDWDf+y082izYUE8gtJnYHdeDpN/6tUdwvfiw==

"@esbuild/darwin-arm64@0.25.9":
  version "0.25.9"
  resolved "https://registry.yarnpkg.com/@esbuild/darwin-arm64/-/darwin-arm64-0.25.9.tgz#f1513eaf9ec8fa15dcaf4c341b0f005d3e8b47ae"
  integrity sha512-XIpIDMAjOELi/9PB30vEbVMs3GV1v2zkkPnuyRRURbhqjyzIINwj+nbQATh4H9GxUgH1kFsEyQMxwiLFKUS6Rg==

"@esbuild/darwin-x64@0.25.9":
  version "0.25.9"
  resolved "https://registry.yarnpkg.com/@esbuild/darwin-x64/-/darwin-x64-0.25.9.tgz#e27dbc3b507b3a1cea3b9280a04b8b6b725f82be"
  integrity sha512-jhHfBzjYTA1IQu8VyrjCX4ApJDnH+ez+IYVEoJHeqJm9VhG9Dh2BYaJritkYK3vMaXrf7Ogr/0MQ8/MeIefsPQ==

"@esbuild/freebsd-arm64@0.25.9":
  version "0.25.9"
  resolved "https://registry.yarnpkg.com/@esbuild/freebsd-arm64/-/freebsd-arm64-0.25.9.tgz#364e3e5b7a1fd45d92be08c6cc5d890ca75908ca"
  integrity sha512-z93DmbnY6fX9+KdD4Ue/H6sYs+bhFQJNCPZsi4XWJoYblUqT06MQUdBCpcSfuiN72AbqeBFu5LVQTjfXDE2A6Q==

"@esbuild/freebsd-x64@0.25.9":
  version "0.25.9"
  resolved "https://registry.yarnpkg.com/@esbuild/freebsd-x64/-/freebsd-x64-0.25.9.tgz#7c869b45faeb3df668e19ace07335a0711ec56ab"
  integrity sha512-mrKX6H/vOyo5v71YfXWJxLVxgy1kyt1MQaD8wZJgJfG4gq4DpQGpgTB74e5yBeQdyMTbgxp0YtNj7NuHN0PoZg==

"@esbuild/linux-arm64@0.25.9":
  version "0.25.9"
  resolved "https://registry.yarnpkg.com/@esbuild/linux-arm64/-/linux-arm64-0.25.9.tgz#48d42861758c940b61abea43ba9a29b186d6cb8b"
  integrity sha512-BlB7bIcLT3G26urh5Dmse7fiLmLXnRlopw4s8DalgZ8ef79Jj4aUcYbk90g8iCa2467HX8SAIidbL7gsqXHdRw==

"@esbuild/linux-arm@0.25.9":
  version "0.25.9"
  resolved "https://registry.yarnpkg.com/@esbuild/linux-arm/-/linux-arm-0.25.9.tgz#6ce4b9cabf148274101701d112b89dc67cc52f37"
  integrity sha512-HBU2Xv78SMgaydBmdor38lg8YDnFKSARg1Q6AT0/y2ezUAKiZvc211RDFHlEZRFNRVhcMamiToo7bDx3VEOYQw==

"@esbuild/linux-ia32@0.25.9":
  version "0.25.9"
  resolved "https://registry.yarnpkg.com/@esbuild/linux-ia32/-/linux-ia32-0.25.9.tgz#207e54899b79cac9c26c323fc1caa32e3143f1c4"
  integrity sha512-e7S3MOJPZGp2QW6AK6+Ly81rC7oOSerQ+P8L0ta4FhVi+/j/v2yZzx5CqqDaWjtPFfYz21Vi1S0auHrap3Ma3A==

"@esbuild/linux-loong64@0.25.9":
  version "0.25.9"
  resolved "https://registry.yarnpkg.com/@esbuild/linux-loong64/-/linux-loong64-0.25.9.tgz#0ba48a127159a8f6abb5827f21198b999ffd1fc0"
  integrity sha512-Sbe10Bnn0oUAB2AalYztvGcK+o6YFFA/9829PhOCUS9vkJElXGdphz0A3DbMdP8gmKkqPmPcMJmJOrI3VYB1JQ==

"@esbuild/linux-mips64el@0.25.9":
  version "0.25.9"
  resolved "https://registry.yarnpkg.com/@esbuild/linux-mips64el/-/linux-mips64el-0.25.9.tgz#a4d4cc693d185f66a6afde94f772b38ce5d64eb5"
  integrity sha512-YcM5br0mVyZw2jcQeLIkhWtKPeVfAerES5PvOzaDxVtIyZ2NUBZKNLjC5z3/fUlDgT6w89VsxP2qzNipOaaDyA==

"@esbuild/linux-ppc64@0.25.9":
  version "0.25.9"
  resolved "https://registry.yarnpkg.com/@esbuild/linux-ppc64/-/linux-ppc64-0.25.9.tgz#0f5805c1c6d6435a1dafdc043cb07a19050357db"
  integrity sha512-++0HQvasdo20JytyDpFvQtNrEsAgNG2CY1CLMwGXfFTKGBGQT3bOeLSYE2l1fYdvML5KUuwn9Z8L1EWe2tzs1w==

"@esbuild/linux-riscv64@0.25.9":
  version "0.25.9"
  resolved "https://registry.yarnpkg.com/@esbuild/linux-riscv64/-/linux-riscv64-0.25.9.tgz#6776edece0f8fca79f3386398b5183ff2a827547"
  integrity sha512-uNIBa279Y3fkjV+2cUjx36xkx7eSjb8IvnL01eXUKXez/CBHNRw5ekCGMPM0BcmqBxBcdgUWuUXmVWwm4CH9kg==

"@esbuild/linux-s390x@0.25.9":
  version "0.25.9"
  resolved "https://registry.yarnpkg.com/@esbuild/linux-s390x/-/linux-s390x-0.25.9.tgz#3f6f29ef036938447c2218d309dc875225861830"
  integrity sha512-Mfiphvp3MjC/lctb+7D287Xw1DGzqJPb/J2aHHcHxflUo+8tmN/6d4k6I2yFR7BVo5/g7x2Monq4+Yew0EHRIA==

"@esbuild/linux-x64@0.25.9":
  version "0.25.9"
  resolved "https://registry.yarnpkg.com/@esbuild/linux-x64/-/linux-x64-0.25.9.tgz#831fe0b0e1a80a8b8391224ea2377d5520e1527f"
  integrity sha512-iSwByxzRe48YVkmpbgoxVzn76BXjlYFXC7NvLYq+b+kDjyyk30J0JY47DIn8z1MO3K0oSl9fZoRmZPQI4Hklzg==

"@esbuild/netbsd-arm64@0.25.9":
  version "0.25.9"
  resolved "https://registry.yarnpkg.com/@esbuild/netbsd-arm64/-/netbsd-arm64-0.25.9.tgz#06f99d7eebe035fbbe43de01c9d7e98d2a0aa548"
  integrity sha512-9jNJl6FqaUG+COdQMjSCGW4QiMHH88xWbvZ+kRVblZsWrkXlABuGdFJ1E9L7HK+T0Yqd4akKNa/lO0+jDxQD4Q==

"@esbuild/netbsd-x64@0.25.9":
  version "0.25.9"
  resolved "https://registry.yarnpkg.com/@esbuild/netbsd-x64/-/netbsd-x64-0.25.9.tgz#db99858e6bed6e73911f92a88e4edd3a8c429a52"
  integrity sha512-RLLdkflmqRG8KanPGOU7Rpg829ZHu8nFy5Pqdi9U01VYtG9Y0zOG6Vr2z4/S+/3zIyOxiK6cCeYNWOFR9QP87g==

"@esbuild/openbsd-arm64@0.25.9":
  version "0.25.9"
  resolved "https://registry.yarnpkg.com/@esbuild/openbsd-arm64/-/openbsd-arm64-0.25.9.tgz#afb886c867e36f9d86bb21e878e1185f5d5a0935"
  integrity sha512-YaFBlPGeDasft5IIM+CQAhJAqS3St3nJzDEgsgFixcfZeyGPCd6eJBWzke5piZuZ7CtL656eOSYKk4Ls2C0FRQ==

"@esbuild/openbsd-x64@0.25.9":
  version "0.25.9"
  resolved "https://registry.yarnpkg.com/@esbuild/openbsd-x64/-/openbsd-x64-0.25.9.tgz#30855c9f8381fac6a0ef5b5f31ac6e7108a66ecf"
  integrity sha512-1MkgTCuvMGWuqVtAvkpkXFmtL8XhWy+j4jaSO2wxfJtilVCi0ZE37b8uOdMItIHz4I6z1bWWtEX4CJwcKYLcuA==

"@esbuild/openharmony-arm64@0.25.9":
  version "0.25.9"
  resolved "https://registry.yarnpkg.com/@esbuild/openharmony-arm64/-/openharmony-arm64-0.25.9.tgz#2f2144af31e67adc2a8e3705c20c2bd97bd88314"
  integrity sha512-4Xd0xNiMVXKh6Fa7HEJQbrpP3m3DDn43jKxMjxLLRjWnRsfxjORYJlXPO4JNcXtOyfajXorRKY9NkOpTHptErg==

"@esbuild/sunos-x64@0.25.9":
  version "0.25.9"
  resolved "https://registry.yarnpkg.com/@esbuild/sunos-x64/-/sunos-x64-0.25.9.tgz#69b99a9b5bd226c9eb9c6a73f990fddd497d732e"
  integrity sha512-WjH4s6hzo00nNezhp3wFIAfmGZ8U7KtrJNlFMRKxiI9mxEK1scOMAaa9i4crUtu+tBr+0IN6JCuAcSBJZfnphw==

"@esbuild/win32-arm64@0.25.9":
  version "0.25.9"
  resolved "https://registry.yarnpkg.com/@esbuild/win32-arm64/-/win32-arm64-0.25.9.tgz#d789330a712af916c88325f4ffe465f885719c6b"
  integrity sha512-mGFrVJHmZiRqmP8xFOc6b84/7xa5y5YvR1x8djzXpJBSv/UsNK6aqec+6JDjConTgvvQefdGhFDAs2DLAds6gQ==

"@esbuild/win32-ia32@0.25.9":
  version "0.25.9"
  resolved "https://registry.yarnpkg.com/@esbuild/win32-ia32/-/win32-ia32-0.25.9.tgz#52fc735406bd49688253e74e4e837ac2ba0789e3"
  integrity sha512-b33gLVU2k11nVx1OhX3C8QQP6UHQK4ZtN56oFWvVXvz2VkDoe6fbG8TOgHFxEvqeqohmRnIHe5A1+HADk4OQww==

"@esbuild/win32-x64@0.25.9":
  version "0.25.9"
  resolved "https://registry.yarnpkg.com/@esbuild/win32-x64/-/win32-x64-0.25.9.tgz#585624dc829cfb6e7c0aa6c3ca7d7e6daa87e34f"
  integrity sha512-PPOl1mi6lpLNQxnGoyAfschAodRFYXJ+9fs6WHXz7CSWKbOqiMZsubC+BQsVKuul+3vKLuwTHsS2c2y9EoKwxQ==

"@parcel/watcher-android-arm64@2.5.1":
  version "2.5.1"
  resolved "https://registry.yarnpkg.com/@parcel/watcher-android-arm64/-/watcher-android-arm64-2.5.1.tgz#507f836d7e2042f798c7d07ad19c3546f9848ac1"
  integrity sha512-KF8+j9nNbUN8vzOFDpRMsaKBHZ/mcjEjMToVMJOhTozkDonQFFrRcfdLWn6yWKCmJKmdVxSgHiYvTCef4/qcBA==

"@parcel/watcher-darwin-arm64@2.5.1":
  version "2.5.1"
  resolved "https://registry.yarnpkg.com/@parcel/watcher-darwin-arm64/-/watcher-darwin-arm64-2.5.1.tgz#3d26dce38de6590ef79c47ec2c55793c06ad4f67"
  integrity sha512-eAzPv5osDmZyBhou8PoF4i6RQXAfeKL9tjb3QzYuccXFMQU0ruIc/POh30ePnaOyD1UXdlKguHBmsTs53tVoPw==

"@parcel/watcher-darwin-x64@2.5.1":
  version "2.5.1"
  resolved "https://registry.yarnpkg.com/@parcel/watcher-darwin-x64/-/watcher-darwin-x64-2.5.1.tgz#99f3af3869069ccf774e4ddfccf7e64fd2311ef8"
  integrity sha512-1ZXDthrnNmwv10A0/3AJNZ9JGlzrF82i3gNQcWOzd7nJ8aj+ILyW1MTxVk35Db0u91oD5Nlk9MBiujMlwmeXZg==

"@parcel/watcher-freebsd-x64@2.5.1":
  version "2.5.1"
  resolved "https://registry.yarnpkg.com/@parcel/watcher-freebsd-x64/-/watcher-freebsd-x64-2.5.1.tgz#14d6857741a9f51dfe51d5b08b7c8afdbc73ad9b"
  integrity sha512-SI4eljM7Flp9yPuKi8W0ird8TI/JK6CSxju3NojVI6BjHsTyK7zxA9urjVjEKJ5MBYC+bLmMcbAWlZ+rFkLpJQ==

"@parcel/watcher-linux-arm-glibc@2.5.1":
  version "2.5.1"
  resolved "https://registry.yarnpkg.com/@parcel/watcher-linux-arm-glibc/-/watcher-linux-arm-glibc-2.5.1.tgz#43c3246d6892381db473bb4f663229ad20b609a1"
  integrity sha512-RCdZlEyTs8geyBkkcnPWvtXLY44BCeZKmGYRtSgtwwnHR4dxfHRG3gR99XdMEdQ7KeiDdasJwwvNSF5jKtDwdA==

"@parcel/watcher-linux-arm-musl@2.5.1":
  version "2.5.1"
  resolved "https://registry.yarnpkg.com/@parcel/watcher-linux-arm-musl/-/watcher-linux-arm-musl-2.5.1.tgz#663750f7090bb6278d2210de643eb8a3f780d08e"
  integrity sha512-6E+m/Mm1t1yhB8X412stiKFG3XykmgdIOqhjWj+VL8oHkKABfu/gjFj8DvLrYVHSBNC+/u5PeNrujiSQ1zwd1Q==

"@parcel/watcher-linux-arm64-glibc@2.5.1":
  version "2.5.1"
  resolved "https://registry.yarnpkg.com/@parcel/watcher-linux-arm64-glibc/-/watcher-linux-arm64-glibc-2.5.1.tgz#ba60e1f56977f7e47cd7e31ad65d15fdcbd07e30"
  integrity sha512-LrGp+f02yU3BN9A+DGuY3v3bmnFUggAITBGriZHUREfNEzZh/GO06FF5u2kx8x+GBEUYfyTGamol4j3m9ANe8w==

"@parcel/watcher-linux-arm64-musl@2.5.1":
  version "2.5.1"
  resolved "https://registry.yarnpkg.com/@parcel/watcher-linux-arm64-musl/-/watcher-linux-arm64-musl-2.5.1.tgz#f7fbcdff2f04c526f96eac01f97419a6a99855d2"
  integrity sha512-cFOjABi92pMYRXS7AcQv9/M1YuKRw8SZniCDw0ssQb/noPkRzA+HBDkwmyOJYp5wXcsTrhxO0zq1U11cK9jsFg==

"@parcel/watcher-linux-x64-glibc@2.5.1":
  version "2.5.1"
  resolved "https://registry.yarnpkg.com/@parcel/watcher-linux-x64-glibc/-/watcher-linux-x64-glibc-2.5.1.tgz#4d2ea0f633eb1917d83d483392ce6181b6a92e4e"
  integrity sha512-GcESn8NZySmfwlTsIur+49yDqSny2IhPeZfXunQi48DMugKeZ7uy1FX83pO0X22sHntJ4Ub+9k34XQCX+oHt2A==

"@parcel/watcher-linux-x64-musl@2.5.1":
  version "2.5.1"
  resolved "https://registry.yarnpkg.com/@parcel/watcher-linux-x64-musl/-/watcher-linux-x64-musl-2.5.1.tgz#277b346b05db54f55657301dd77bdf99d63606ee"
  integrity sha512-n0E2EQbatQ3bXhcH2D1XIAANAcTZkQICBPVaxMeaCVBtOpBZpWJuf7LwyWPSBDITb7In8mqQgJ7gH8CILCURXg==

"@parcel/watcher-win32-arm64@2.5.1":
  version "2.5.1"
  resolved "https://registry.yarnpkg.com/@parcel/watcher-win32-arm64/-/watcher-win32-arm64-2.5.1.tgz#7e9e02a26784d47503de1d10e8eab6cceb524243"
  integrity sha512-RFzklRvmc3PkjKjry3hLF9wD7ppR4AKcWNzH7kXR7GUe0Igb3Nz8fyPwtZCSquGrhU5HhUNDr/mKBqj7tqA2Vw==

"@parcel/watcher-win32-ia32@2.5.1":
  version "2.5.1"
  resolved "https://registry.yarnpkg.com/@parcel/watcher-win32-ia32/-/watcher-win32-ia32-2.5.1.tgz#2d0f94fa59a873cdc584bf7f6b1dc628ddf976e6"
  integrity sha512-c2KkcVN+NJmuA7CGlaGD1qJh1cLfDnQsHjE89E60vUEMlqduHGCdCLJCID5geFVM0dOtA3ZiIO8BoEQmzQVfpQ==

"@parcel/watcher-win32-x64@2.5.1":
  version "2.5.1"
  resolved "https://registry.yarnpkg.com/@parcel/watcher-win32-x64/-/watcher-win32-x64-2.5.1.tgz#ae52693259664ba6f2228fa61d7ee44b64ea0947"
  integrity sha512-9lHBdJITeNR++EvSQVUcaZoWupyHfXe1jZvGZ06O/5MflPcuPLtEphScIBL+AiCWBO46tDSHzWyD0uDmmZqsgA==

"@parcel/watcher@^2.4.1":
  version "2.5.1"
  resolved "https://registry.yarnpkg.com/@parcel/watcher/-/watcher-2.5.1.tgz#342507a9cfaaf172479a882309def1e991fb1200"
  integrity sha512-dfUnCxiN9H4ap84DvD2ubjw+3vUNpstxa0TneY/Paat8a3R4uQZDLSvWjmznAY/DoahqTHl9V46HF/Zs3F29pg==
  dependencies:
    detect-libc "^1.0.3"
    is-glob "^4.0.3"
    micromatch "^4.0.5"
    node-addon-api "^7.0.0"
  optionalDependencies:
    "@parcel/watcher-android-arm64" "2.5.1"
    "@parcel/watcher-darwin-arm64" "2.5.1"
    "@parcel/watcher-darwin-x64" "2.5.1"
    "@parcel/watcher-freebsd-x64" "2.5.1"
    "@parcel/watcher-linux-arm-glibc" "2.5.1"
    "@parcel/watcher-linux-arm-musl" "2.5.1"
    "@parcel/watcher-linux-arm64-glibc" "2.5.1"
    "@parcel/watcher-linux-arm64-musl" "2.5.1"
    "@parcel/watcher-linux-x64-glibc" "2.5.1"
    "@parcel/watcher-linux-x64-musl" "2.5.1"
    "@parcel/watcher-win32-arm64" "2.5.1"
    "@parcel/watcher-win32-ia32" "2.5.1"
    "@parcel/watcher-win32-x64" "2.5.1"

"@rollup/rollup-android-arm-eabi@4.48.1":
  version "4.48.1"
  resolved "https://registry.yarnpkg.com/@rollup/rollup-android-arm-eabi/-/rollup-android-arm-eabi-4.48.1.tgz#13cccb90969f7ca3d1354129c859a3b05e90beed"
  integrity sha512-rGmb8qoG/zdmKoYELCBwu7vt+9HxZ7Koos3pD0+sH5fR3u3Wb/jGcpnqxcnWsPEKDUyzeLSqksN8LJtgXjqBYw==

"@rollup/rollup-android-arm64@4.48.1":
  version "4.48.1"
  resolved "https://registry.yarnpkg.com/@rollup/rollup-android-arm64/-/rollup-android-arm64-4.48.1.tgz#0d01925255bb27b56edd095ba1764c3f91f28048"
  integrity sha512-4e9WtTxrk3gu1DFE+imNJr4WsL13nWbD/Y6wQcyku5qadlKHY3OQ3LJ/INrrjngv2BJIHnIzbqMk1GTAC2P8yQ==

"@rollup/rollup-darwin-arm64@4.48.1":
  version "4.48.1"
  resolved "https://registry.yarnpkg.com/@rollup/rollup-darwin-arm64/-/rollup-darwin-arm64-4.48.1.tgz#5b11bca1da78d68f26aa98754cecd1887b683689"
  integrity sha512-+XjmyChHfc4TSs6WUQGmVf7Hkg8ferMAE2aNYYWjiLzAS/T62uOsdfnqv+GHRjq7rKRnYh4mwWb4Hz7h/alp8A==

"@rollup/rollup-darwin-x64@4.48.1":
  version "4.48.1"
  resolved "https://registry.yarnpkg.com/@rollup/rollup-darwin-x64/-/rollup-darwin-x64-4.48.1.tgz#00039989c4cd27ead349c313dc5562c3897c0524"
  integrity sha512-upGEY7Ftw8M6BAJyGwnwMw91rSqXTcOKZnnveKrVWsMTF8/k5mleKSuh7D4v4IV1pLxKAk3Tbs0Lo9qYmii5mQ==

"@rollup/rollup-freebsd-arm64@4.48.1":
  version "4.48.1"
  resolved "https://registry.yarnpkg.com/@rollup/rollup-freebsd-arm64/-/rollup-freebsd-arm64-4.48.1.tgz#1e5aca23d8171313f408759c71342bbee7889f22"
  integrity sha512-P9ViWakdoynYFUOZhqq97vBrhuvRLAbN/p2tAVJvhLb8SvN7rbBnJQcBu8e/rQts42pXGLVhfsAP0k9KXWa3nQ==

"@rollup/rollup-freebsd-x64@4.48.1":
  version "4.48.1"
  resolved "https://registry.yarnpkg.com/@rollup/rollup-freebsd-x64/-/rollup-freebsd-x64-4.48.1.tgz#04af010d99ccba84db10d4498cadaac8529ee738"
  integrity sha512-VLKIwIpnBya5/saccM8JshpbxfyJt0Dsli0PjXozHwbSVaHTvWXJH1bbCwPXxnMzU4zVEfgD1HpW3VQHomi2AQ==

"@rollup/rollup-linux-arm-gnueabihf@4.48.1":
  version "4.48.1"
  resolved "https://registry.yarnpkg.com/@rollup/rollup-linux-arm-gnueabihf/-/rollup-linux-arm-gnueabihf-4.48.1.tgz#67747af83a2dd092144d643caf20b0d1eb817681"
  integrity sha512-3zEuZsXfKaw8n/yF7t8N6NNdhyFw3s8xJTqjbTDXlipwrEHo4GtIKcMJr5Ed29leLpB9AugtAQpAHW0jvtKKaQ==

"@rollup/rollup-linux-arm-musleabihf@4.48.1":
  version "4.48.1"
  resolved "https://registry.yarnpkg.com/@rollup/rollup-linux-arm-musleabihf/-/rollup-linux-arm-musleabihf-4.48.1.tgz#b4bed820cfc5efec00a13190e3d53c0b5240f3b1"
  integrity sha512-leo9tOIlKrcBmmEypzunV/2w946JeLbTdDlwEZ7OnnsUyelZ72NMnT4B2vsikSgwQifjnJUbdXzuW4ToN1wV+Q==

"@rollup/rollup-linux-arm64-gnu@4.48.1":
  version "4.48.1"
  resolved "https://registry.yarnpkg.com/@rollup/rollup-linux-arm64-gnu/-/rollup-linux-arm64-gnu-4.48.1.tgz#6b4a7af7e53e7d95c8c1975945d8f8dc8f6d74a9"
  integrity sha512-Vy/WS4z4jEyvnJm+CnPfExIv5sSKqZrUr98h03hpAMbE2aI0aD2wvK6GiSe8Gx2wGp3eD81cYDpLLBqNb2ydwQ==

"@rollup/rollup-linux-arm64-musl@4.48.1":
  version "4.48.1"
  resolved "https://registry.yarnpkg.com/@rollup/rollup-linux-arm64-musl/-/rollup-linux-arm64-musl-4.48.1.tgz#dd08c8174cfb95d4fa90663dd6be8db27039ad51"
  integrity sha512-x5Kzn7XTwIssU9UYqWDB9VpLpfHYuXw5c6bJr4Mzv9kIv242vmJHbI5PJJEnmBYitUIfoMCODDhR7KoZLot2VQ==

"@rollup/rollup-linux-loongarch64-gnu@4.48.1":
  version "4.48.1"
  resolved "https://registry.yarnpkg.com/@rollup/rollup-linux-loongarch64-gnu/-/rollup-linux-loongarch64-gnu-4.48.1.tgz#997248c983d2272d1b810e5817cc3c885ebde5ff"
  integrity sha512-yzCaBbwkkWt/EcgJOKDUdUpMHjhiZT/eDktOPWvSRpqrVE04p0Nd6EGV4/g7MARXXeOqstflqsKuXVM3H9wOIQ==

"@rollup/rollup-linux-ppc64-gnu@4.48.1":
  version "4.48.1"
  resolved "https://registry.yarnpkg.com/@rollup/rollup-linux-ppc64-gnu/-/rollup-linux-ppc64-gnu-4.48.1.tgz#57d020583a314741d17b653419d1dbc3fe99bc52"
  integrity sha512-UK0WzWUjMAJccHIeOpPhPcKBqax7QFg47hwZTp6kiMhQHeOYJeaMwzeRZe1q5IiTKsaLnHu9s6toSYVUlZ2QtQ==

"@rollup/rollup-linux-riscv64-gnu@4.48.1":
  version "4.48.1"
  resolved "https://registry.yarnpkg.com/@rollup/rollup-linux-riscv64-gnu/-/rollup-linux-riscv64-gnu-4.48.1.tgz#bbd381e5f99658de9baa0193b89e286767c6e029"
  integrity sha512-3NADEIlt+aCdCbWVZ7D3tBjBX1lHpXxcvrLt/kdXTiBrOds8APTdtk2yRL2GgmnSVeX4YS1JIf0imFujg78vpw==

"@rollup/rollup-linux-riscv64-musl@4.48.1":
  version "4.48.1"
  resolved "https://registry.yarnpkg.com/@rollup/rollup-linux-riscv64-musl/-/rollup-linux-riscv64-musl-4.48.1.tgz#2866abbea1e702246900414f878203fea350ccee"
  integrity sha512-euuwm/QTXAMOcyiFCcrx0/S2jGvFlKJ2Iro8rsmYL53dlblp3LkUQVFzEidHhvIPPvcIsxDhl2wkBE+I6YVGzA==

"@rollup/rollup-linux-s390x-gnu@4.48.1":
  version "4.48.1"
  resolved "https://registry.yarnpkg.com/@rollup/rollup-linux-s390x-gnu/-/rollup-linux-s390x-gnu-4.48.1.tgz#02f6a1b0f207bf9b6c8f76fca3bd394ad1a5e800"
  integrity sha512-w8mULUjmPdWLJgmTYJx/W6Qhln1a+yqvgwmGXcQl2vFBkWsKGUBRbtLRuKJUln8Uaimf07zgJNxOhHOvjSQmBQ==

"@rollup/rollup-linux-x64-gnu@4.48.1":
  version "4.48.1"
  resolved "https://registry.yarnpkg.com/@rollup/rollup-linux-x64-gnu/-/rollup-linux-x64-gnu-4.48.1.tgz#867a70767a3e45c1a49b26310548e7861f980016"
  integrity sha512-90taWXCWxTbClWuMZD0DKYohY1EovA+W5iytpE89oUPmT5O1HFdf8cuuVIylE6vCbrGdIGv85lVRzTcpTRZ+kA==

"@rollup/rollup-linux-x64-musl@4.48.1":
  version "4.48.1"
  resolved "https://registry.yarnpkg.com/@rollup/rollup-linux-x64-musl/-/rollup-linux-x64-musl-4.48.1.tgz#4b676c79d85c3ae58e706d44d4be3bc4eb6315cd"
  integrity sha512-2Gu29SkFh1FfTRuN1GR1afMuND2GKzlORQUP3mNMJbqdndOg7gNsa81JnORctazHRokiDzQ5+MLE5XYmZW5VWg==

"@rollup/rollup-win32-arm64-msvc@4.48.1":
  version "4.48.1"
  resolved "https://registry.yarnpkg.com/@rollup/rollup-win32-arm64-msvc/-/rollup-win32-arm64-msvc-4.48.1.tgz#0106a573d0c7b82e95c6f57894b65f11bc0c7873"
  integrity sha512-6kQFR1WuAO50bxkIlAVeIYsz3RUx+xymwhTo9j94dJ+kmHe9ly7muH23sdfWduD0BA8pD9/yhonUvAjxGh34jQ==

"@rollup/rollup-win32-ia32-msvc@4.48.1":
  version "4.48.1"
  resolved "https://registry.yarnpkg.com/@rollup/rollup-win32-ia32-msvc/-/rollup-win32-ia32-msvc-4.48.1.tgz#351eee360c21415c1efb01d402f53c2a1f5f1a53"
  integrity sha512-RUyZZ/mga88lMI3RlXFs4WQ7n3VyU07sPXmMG7/C1NOi8qisUg57Y7LRarqoGoAiopmGmChUhSwfpvQ3H5iGSQ==

"@rollup/rollup-win32-x64-msvc@4.48.1":
  version "4.48.1"
  resolved "https://registry.yarnpkg.com/@rollup/rollup-win32-x64-msvc/-/rollup-win32-x64-msvc-4.48.1.tgz#6821b48385af21ba55c7a5f9f64d19f38ea26014"
  integrity sha512-8a/caCUN4vkTChxkaIJcMtwIVcBhi4X2PQRoT+yCK3qRYaZ7cURrmJFL5Ux9H9RaMIXj9RuihckdmkBX3zZsgg==

"@types/estree@1.0.8":
  version "1.0.8"
  resolved "https://registry.yarnpkg.com/@types/estree/-/estree-1.0.8.tgz#958b91c991b1867ced318bedea0e215ee050726e"
  integrity sha512-dWHzHa2WqEXI/O1E9OjrocMTKJl2mSrEolh1Iomrv6U+JuNwaHXsXx9bLu5gG7BUWFIN0skIQJQ/L1rIex4X6w==

braces@^3.0.3:
  version "3.0.3"
  resolved "https://registry.yarnpkg.com/braces/-/braces-3.0.3.tgz#490332f40919452272d55a8480adc0c441358789"
  integrity sha512-yQbXgO/OSZVD2IsiLlro+7Hf6Q18EJrKSEsdoMzKePKXct3gvD8oLcOQdIzGupr5Fj+EDe8gO/lxc1BzfMpxvA==
  dependencies:
    fill-range "^7.1.1"

buffer-builder@^0.2.0:
  version "0.2.0"
  resolved "https://registry.yarnpkg.com/buffer-builder/-/buffer-builder-0.2.0.tgz#3322cd307d8296dab1f604618593b261a3fade8f"
  integrity sha512-7VPMEPuYznPSoR21NE1zvd2Xna6c/CloiZCfcMXR1Jny6PjX0N4Nsa38zcBFo/FMK+BlA+FLKbJCQ0i2yxp+Xg==

chokidar@^4.0.0:
  version "4.0.3"
  resolved "https://registry.yarnpkg.com/chokidar/-/chokidar-4.0.3.tgz#7be37a4c03c9aee1ecfe862a4a23b2c70c205d30"
  integrity sha512-Qgzu8kfBvo+cA4962jnP1KkS6Dop5NS6g7R5LFYJr4b8Ub94PPQXUksCw9PvXoeXPRRddRNC5C1JQUR2SMGtnA==
  dependencies:
    readdirp "^4.0.1"

colorjs.io@^0.5.0:
  version "0.5.2"
  resolved "https://registry.yarnpkg.com/colorjs.io/-/colorjs.io-0.5.2.tgz#63b20139b007591ebc3359932bef84628eb3fcef"
  integrity sha512-twmVoizEW7ylZSN32OgKdXRmo1qg+wT5/6C3xu5b9QsWzSFAhHLn2xd8ro0diCsKfCj1RdaTP/nrcW+vAoQPIw==

detect-libc@^1.0.3:
  version "1.0.3"
  resolved "https://registry.yarnpkg.com/detect-libc/-/detect-libc-1.0.3.tgz#fa137c4bd698edf55cd5cd02ac559f91a4c4ba9b"
  integrity sha512-pGjwhsmsp4kL2RTz08wcOlGN83otlqHeD/Z5T8GXZB+/YcpQ/dgo+lbU8ZsGxV0HIvqqxo9l7mqYwyYMD9bKDg==

esbuild@^0.25.0:
  version "0.25.9"
  resolved "https://registry.yarnpkg.com/esbuild/-/esbuild-0.25.9.tgz#15ab8e39ae6cdc64c24ff8a2c0aef5b3fd9fa976"
  integrity sha512-CRbODhYyQx3qp7ZEwzxOk4JBqmD/seJrzPa/cGjY1VtIn5E09Oi9/dB4JwctnfZ8Q8iT7rioVv5k/FNT/uf54g==
  optionalDependencies:
    "@esbuild/aix-ppc64" "0.25.9"
    "@esbuild/android-arm" "0.25.9"
    "@esbuild/android-arm64" "0.25.9"
    "@esbuild/android-x64" "0.25.9"
    "@esbuild/darwin-arm64" "0.25.9"
    "@esbuild/darwin-x64" "0.25.9"
    "@esbuild/freebsd-arm64" "0.25.9"
    "@esbuild/freebsd-x64" "0.25.9"
    "@esbuild/linux-arm" "0.25.9"
    "@esbuild/linux-arm64" "0.25.9"
    "@esbuild/linux-ia32" "0.25.9"
    "@esbuild/linux-loong64" "0.25.9"
    "@esbuild/linux-mips64el" "0.25.9"
    "@esbuild/linux-ppc64" "0.25.9"
    "@esbuild/linux-riscv64" "0.25.9"
    "@esbuild/linux-s390x" "0.25.9"
    "@esbuild/linux-x64" "0.25.9"
    "@esbuild/netbsd-arm64" "0.25.9"
    "@esbuild/netbsd-x64" "0.25.9"
    "@esbuild/openbsd-arm64" "0.25.9"
    "@esbuild/openbsd-x64" "0.25.9"
    "@esbuild/openharmony-arm64" "0.25.9"
    "@esbuild/sunos-x64" "0.25.9"
    "@esbuild/win32-arm64" "0.25.9"
    "@esbuild/win32-ia32" "0.25.9"
    "@esbuild/win32-x64" "0.25.9"

fdir@^6.4.4, fdir@^6.5.0:
  version "6.5.0"
  resolved "https://registry.yarnpkg.com/fdir/-/fdir-6.5.0.tgz#ed2ab967a331ade62f18d077dae192684d50d350"
  integrity sha512-tIbYtZbucOs0BRGqPJkshJUYdL+SDH7dVM8gjy+ERp3WAUjLEFJE+02kanyHtwjWOnwrKYBiwAmM0p4kLJAnXg==

fill-range@^7.1.1:
  version "7.1.1"
  resolved "https://registry.yarnpkg.com/fill-range/-/fill-range-7.1.1.tgz#44265d3cac07e3ea7dc247516380643754a05292"
  integrity sha512-YsGpe3WHLK8ZYi4tWDg2Jy3ebRz2rXowDxnld4bkQB00cc/1Zw9AWnC0i9ztDJitivtQvaI9KaLyKrc+hBW0yg==
  dependencies:
    to-regex-range "^5.0.1"

framer-motion@^12.23.12:
  version "12.23.12"
  resolved "https://registry.yarnpkg.com/framer-motion/-/framer-motion-12.23.12.tgz#80cf6fd7c111073a0c558e336c85ca36cca80d3d"
  integrity sha512-6e78rdVtnBvlEVgu6eFEAgG9v3wLnYEboM8I5O5EXvfKC8gxGQB8wXJdhkMy10iVcn05jl6CNw7/HTsTCfwcWg==
  dependencies:
    motion-dom "^12.23.12"
    motion-utils "^12.23.6"
    tslib "^2.4.0"

fsevents@~2.3.2, fsevents@~2.3.3:
  version "2.3.3"
  resolved "https://registry.yarnpkg.com/fsevents/-/fsevents-2.3.3.tgz#cac6407785d03675a2a5e1a5305c697b347d90d6"
  integrity sha512-5xoDfX+fL7faATnagmWPpbFtwh/R77WmMMqqHGS65C3vvB0YHrgF+B1YmZ3441tMj5n63k0212XNoJwzlhffQw==

has-flag@^4.0.0:
  version "4.0.0"
  resolved "https://registry.yarnpkg.com/has-flag/-/has-flag-4.0.0.tgz#944771fd9c81c81265c4d6941860da06bb59479b"
  integrity sha512-EykJT/Q1KjTWctppgIAgfSO0tKVuZUjhgMr17kqTumMl6Afv3EISleU7qZUzoXDFTAHTDC4NOoG/ZxU3EvlMPQ==

immutable@^5.0.2:
  version "5.1.3"
  resolved "https://registry.yarnpkg.com/immutable/-/immutable-5.1.3.tgz#e6486694c8b76c37c063cca92399fa64098634d4"
  integrity sha512-+chQdDfvscSF1SJqv2gn4SRO2ZyS3xL3r7IW/wWEEzrzLisnOlKiQu5ytC/BVNcS15C39WT2Hg/bjKjDMcu+zg==

is-extglob@^2.1.1:
  version "2.1.1"
  resolved "https://registry.yarnpkg.com/is-extglob/-/is-extglob-2.1.1.tgz#a88c02535791f02ed37c76a1b9ea9773c833f8c2"
  integrity sha512-SbKbANkN603Vi4jEZv49LeVJMn4yGwsbzZworEoyEiutsN3nJYdbO36zfhGJ6QEDpOZIFkDtnq5JRxmvl3jsoQ==

is-glob@^4.0.3:
  version "4.0.3"
  resolved "https://registry.yarnpkg.com/is-glob/-/is-glob-4.0.3.tgz#64f61e42cbbb2eec2071a9dac0b28ba1e65d5084"
  integrity sha512-xelSayHH36ZgE7ZWhli7pW34hNbNl8Ojv5KVmkJD4hBdD3th8Tfk9vYasLM+mXWOZhFkgZfxhLSnrwRr4elSSg==
  dependencies:
    is-extglob "^2.1.1"

is-number@^7.0.0:
  version "7.0.0"
  resolved "https://registry.yarnpkg.com/is-number/-/is-number-7.0.0.tgz#7535345b896734d5f80c4d06c50955527a14f12b"
  integrity sha512-41Cifkg6e8TylSpdtTpeLVMqvSBEVzTttHvERD741+pnZ8ANv0004MRL43QKPDlK9cGvNp6NZWZUBlbGXYxxng==

micromatch@^4.0.5:
  version "4.0.8"
  resolved "https://registry.yarnpkg.com/micromatch/-/micromatch-4.0.8.tgz#d66fa18f3a47076789320b9b1af32bd86d9fa202"
  integrity sha512-PXwfBhYu0hBCPw8Dn0E+WDYb7af3dSLVWKi3HGv84IdF4TyFoC0ysxFd0Goxw7nSv4T/PzEJQxsYsEiFCKo2BA==
  dependencies:
    braces "^3.0.3"
    picomatch "^2.3.1"

motion-dom@^12.23.12:
  version "12.23.12"
  resolved "https://registry.yarnpkg.com/motion-dom/-/motion-dom-12.23.12.tgz#87974046e7e61bc4932f36d35e8eab6bb6f3e434"
  integrity sha512-RcR4fvMCTESQBD/uKQe49D5RUeDOokkGRmz4ceaJKDBgHYtZtntC/s2vLvY38gqGaytinij/yi3hMcWVcEF5Kw==
  dependencies:
    motion-utils "^12.23.6"

motion-utils@^12.23.6:
  version "12.23.6"
  resolved "https://registry.yarnpkg.com/motion-utils/-/motion-utils-12.23.6.tgz#fafef80b4ea85122dd0d6c599a0c63d72881f312"
  integrity sha512-eAWoPgr4eFEOFfg2WjIsMoqJTW6Z8MTUCgn/GZ3VRpClWBdnbjryiA3ZSNLyxCTmCQx4RmYX6jX1iWHbenUPNQ==

motion@^12.23.12:
  version "12.23.12"
  resolved "https://registry.yarnpkg.com/motion/-/motion-12.23.12.tgz#9f3552636c1e94911eee42e6f85db8f60db83c19"
  integrity sha512-8jCD8uW5GD1csOoqh1WhH1A6j5APHVE15nuBkFeRiMzYBdRwyAHmSP/oXSuW0WJPZRXTFdBoG4hY9TFWNhhwng==
  dependencies:
    framer-motion "^12.23.12"
    tslib "^2.4.0"

nanoid@^3.3.11:
  version "3.3.11"
  resolved "https://registry.yarnpkg.com/nanoid/-/nanoid-3.3.11.tgz#4f4f112cefbe303202f2199838128936266d185b"
  integrity sha512-N8SpfPUnUp1bK+PMYW8qSWdl9U+wwNWI4QKxOYDy9JAro3WMX7p2OeVRF9v+347pnakNevPmiHhNmZ2HbFA76w==

node-addon-api@^7.0.0:
  version "7.1.1"
  resolved "https://registry.yarnpkg.com/node-addon-api/-/node-addon-api-7.1.1.tgz#1aba6693b0f255258a049d621329329322aad558"
  integrity sha512-5m3bsyrjFWE1xf7nz7YXdN4udnVtXK6/Yfgn5qnahL6bCkf2yKt4k3nuTKAtT4r3IG8JNR2ncsIMdZuAzJjHQQ==

picocolors@^1.1.1:
  version "1.1.1"
  resolved "https://registry.yarnpkg.com/picocolors/-/picocolors-1.1.1.tgz#3d321af3eab939b083c8f929a1d12cda81c26b6b"
  integrity sha512-xceH2snhtb5M9liqDsmEw56le376mTZkEX/jEb/RxNFyegNul7eNslCXP9FDj/Lcu0X8KEyMceP2ntpaHrDEVA==

picomatch@^2.3.1:
  version "2.3.1"
  resolved "https://registry.yarnpkg.com/picomatch/-/picomatch-2.3.1.tgz#3ba3833733646d9d3e4995946c1365a67fb07a42"
  integrity sha512-JU3teHTNjmE2VCGFzuY8EXzCDVwEqB2a8fsIvwaStHhAWJEeVd1o1QD80CU6+ZdEXXSLbSsuLwJjkCBWqRQUVA==

picomatch@^4.0.2, picomatch@^4.0.3:
  version "4.0.3"
  resolved "https://registry.yarnpkg.com/picomatch/-/picomatch-4.0.3.tgz#796c76136d1eead715db1e7bad785dedd695a042"
  integrity sha512-5gTmgEY/sqK6gFXLIsQNH19lWb4ebPDLA4SdLP7dsWkIXHWlG66oPuVvXSGFPppYZz8ZDZq0dYYrbHfBCVUb1Q==

postcss@^8.5.6:
  version "8.5.6"
  resolved "https://registry.yarnpkg.com/postcss/-/postcss-8.5.6.tgz#2825006615a619b4f62a9e7426cc120b349a8f3c"
  integrity sha512-3Ybi1tAuwAP9s0r1UQ2J4n5Y0G05bJkpUIO0/bI9MhwmD70S5aTWbXGBwxHrelT+XM1k6dM0pk+SwNkpTRN7Pg==
  dependencies:
    nanoid "^3.3.11"
    picocolors "^1.1.1"
    source-map-js "^1.2.1"

readdirp@^4.0.1:
  version "4.1.2"
  resolved "https://registry.yarnpkg.com/readdirp/-/readdirp-4.1.2.tgz#eb85801435fbf2a7ee58f19e0921b068fc69948d"
  integrity sha512-GDhwkLfywWL2s6vEjyhri+eXmfH6j1L7JE27WhqLeYzoh/A3DBaYGEj2H/HFZCn/kMfim73FXxEJTw06WtxQwg==

rollup@^4.43.0:
  version "4.48.1"
  resolved "https://registry.yarnpkg.com/rollup/-/rollup-4.48.1.tgz#acd64b7e3f8734728c5daedd5db42f4a8ea57858"
  integrity sha512-jVG20NvbhTYDkGAty2/Yh7HK6/q3DGSRH4o8ALKGArmMuaauM9kLfoMZ+WliPwA5+JHr2lTn3g557FxBV87ifg==
  dependencies:
    "@types/estree" "1.0.8"
  optionalDependencies:
    "@rollup/rollup-android-arm-eabi" "4.48.1"
    "@rollup/rollup-android-arm64" "4.48.1"
    "@rollup/rollup-darwin-arm64" "4.48.1"
    "@rollup/rollup-darwin-x64" "4.48.1"
    "@rollup/rollup-freebsd-arm64" "4.48.1"
    "@rollup/rollup-freebsd-x64" "4.48.1"
    "@rollup/rollup-linux-arm-gnueabihf" "4.48.1"
    "@rollup/rollup-linux-arm-musleabihf" "4.48.1"
    "@rollup/rollup-linux-arm64-gnu" "4.48.1"
    "@rollup/rollup-linux-arm64-musl" "4.48.1"
    "@rollup/rollup-linux-loongarch64-gnu" "4.48.1"
    "@rollup/rollup-linux-ppc64-gnu" "4.48.1"
    "@rollup/rollup-linux-riscv64-gnu" "4.48.1"
    "@rollup/rollup-linux-riscv64-musl" "4.48.1"
    "@rollup/rollup-linux-s390x-gnu" "4.48.1"
    "@rollup/rollup-linux-x64-gnu" "4.48.1"
    "@rollup/rollup-linux-x64-musl" "4.48.1"
    "@rollup/rollup-win32-arm64-msvc" "4.48.1"
    "@rollup/rollup-win32-ia32-msvc" "4.48.1"
    "@rollup/rollup-win32-x64-msvc" "4.48.1"
    fsevents "~2.3.2"

rxjs@^7.4.0:
  version "7.8.2"
  resolved "https://registry.yarnpkg.com/rxjs/-/rxjs-7.8.2.tgz#955bc473ed8af11a002a2be52071bf475638607b"
  integrity sha512-dhKf903U/PQZY6boNNtAGdWbG85WAbjT/1xYoZIC7FAY0yWapOBQVsVrDl58W86//e1VpMNBtRV4MaXfdMySFA==
  dependencies:
    tslib "^2.1.0"

sass-embedded-all-unknown@1.91.0:
  version "1.91.0"
  resolved "https://registry.yarnpkg.com/sass-embedded-all-unknown/-/sass-embedded-all-unknown-1.91.0.tgz#b048980f72455b41ca889bde00c2417715538d46"
  integrity sha512-AXC1oPqDfLnLtcoxM+XwSnbhcQs0TxAiA5JDEstl6+tt6fhFLKxdyl1Hla39SFtxvMfB2QDUYE3Dmx49O59vYg==
  dependencies:
    sass "1.91.0"

sass-embedded-android-arm64@1.91.0:
  version "1.91.0"
  resolved "https://registry.yarnpkg.com/sass-embedded-android-arm64/-/sass-embedded-android-arm64-1.91.0.tgz#7133117d95c3443ec84dfcd0a4ecd33a6421e153"
  integrity sha512-I8Eeg2CeVcZIhXcQLNEY6ZBRF0m7jc818/fypwMwvIdbxGWBekTzc3aKHTLhdBpFzGnDIyR4s7oB0/OjIpzD1A==

sass-embedded-android-arm@1.91.0:
  version "1.91.0"
  resolved "https://registry.yarnpkg.com/sass-embedded-android-arm/-/sass-embedded-android-arm-1.91.0.tgz#0bdf835e87be9e4449a61c42af77d4748851cb72"
  integrity sha512-DSh1V8TlLIcpklAbn4NINEFs3yD2OzVTbawEXK93IH990upoGNFVNRTstFQ/gcvlbWph3Y3FjAJvo37zUO485A==

sass-embedded-android-riscv64@1.91.0:
  version "1.91.0"
  resolved "https://registry.yarnpkg.com/sass-embedded-android-riscv64/-/sass-embedded-android-riscv64-1.91.0.tgz#0bbe976fe325c7b6ee153f31991c8b361b3c27f3"
  integrity sha512-qmsl1a7IIJL0fCOwzmRB+6nxeJK5m9/W8LReXUrdgyJNH5RyxChDg+wwQPVATFffOuztmWMnlJ5CV2sCLZrXcQ==

sass-embedded-android-x64@1.91.0:
  version "1.91.0"
  resolved "https://registry.yarnpkg.com/sass-embedded-android-x64/-/sass-embedded-android-x64-1.91.0.tgz#bd804fff0f69e898cd5c8ce2ed24365327a512c7"
  integrity sha512-/wN0HBLATOVSeN3Tzg0yxxNTo1IQvOxxxwFv7Ki/1/UCg2AqZPxTpNoZj/mn8tUPtiVogMGbC8qclYMq1aRZsQ==

sass-embedded-darwin-arm64@1.91.0:
  version "1.91.0"
  resolved "https://registry.yarnpkg.com/sass-embedded-darwin-arm64/-/sass-embedded-darwin-arm64-1.91.0.tgz#f52f888316504cc8c7816c0b16304c965791fee8"
  integrity sha512-gQ6ScInxAN+BDUXy426BSYLRawkmGYlHpQ9i6iOxorr64dtIb3l6eb9YaBV8lPlroUnugylmwN2B3FU9BuPfhA==

sass-embedded-darwin-x64@1.91.0:
  version "1.91.0"
  resolved "https://registry.yarnpkg.com/sass-embedded-darwin-x64/-/sass-embedded-darwin-x64-1.91.0.tgz#944d1e754e095b66fbeaf00155123b5fca99fdbf"
  integrity sha512-DSvFMtECL2blYVTFMO5fLeNr5bX437Lrz8R47fdo5438TRyOkSgwKTkECkfh3YbnrL86yJIN2QQlmBMF17Z/iw==

sass-embedded-linux-arm64@1.91.0:
  version "1.91.0"
  resolved "https://registry.yarnpkg.com/sass-embedded-linux-arm64/-/sass-embedded-linux-arm64-1.91.0.tgz#50c5e7ffd395d247ec72bd0c810d62f2e95659a5"
  integrity sha512-OnKCabD7f420ZEC/6YI9WhCVGMZF+ybZ5NbAB9SsG1xlxrKbWQ1s7CIl0w/6RDALtJ+Fjn8+mrxsxqakoAkeuA==

sass-embedded-linux-arm@1.91.0:
  version "1.91.0"
  resolved "https://registry.yarnpkg.com/sass-embedded-linux-arm/-/sass-embedded-linux-arm-1.91.0.tgz#57613bac5745e9f7f15a30eb3773cc5aac0a468e"
  integrity sha512-ppAZLp3eZ9oTjYdQDf4nM7EehDpkxq5H1hE8FOrx8LpY7pxn6QF+SRpAbRjdfFChRw0K7vh+IiCnQEMp7uLNAg==

sass-embedded-linux-musl-arm64@1.91.0:
  version "1.91.0"
  resolved "https://registry.yarnpkg.com/sass-embedded-linux-musl-arm64/-/sass-embedded-linux-musl-arm64-1.91.0.tgz#f6163e73d46e466bb7926805b3577c4e71021b2a"
  integrity sha512-VfbPpID1C5TT7rukob6CKgefx/TsLE+XZieMNd00hvfJ8XhqPr5DGvSMCNpXlwaedzTirbJu357m+n2PJI9TFQ==

sass-embedded-linux-musl-arm@1.91.0:
  version "1.91.0"
  resolved "https://registry.yarnpkg.com/sass-embedded-linux-musl-arm/-/sass-embedded-linux-musl-arm-1.91.0.tgz#b625ffbe6cffad22447cb720a9086c9d58487ccd"
  integrity sha512-znEsNC2FurPF9+XwQQ6e/fVoic3e5D3/kMB41t/bE8byJVRdaPhkdsszt3pZUE56nNGYoCuieSXUkk7VvyPHsw==

sass-embedded-linux-musl-riscv64@1.91.0:
  version "1.91.0"
  resolved "https://registry.yarnpkg.com/sass-embedded-linux-musl-riscv64/-/sass-embedded-linux-musl-riscv64-1.91.0.tgz#90612a0737ac66da06dd9be905a45aa863068692"
  integrity sha512-ZfLGldKEEeZjuljKks835LTq7jDRI3gXsKKXXgZGzN6Yymd4UpBOGWiDQlWsWTvw5UwDU2xfFh0wSXbLGHTjVA==

sass-embedded-linux-musl-x64@1.91.0:
  version "1.91.0"
  resolved "https://registry.yarnpkg.com/sass-embedded-linux-musl-x64/-/sass-embedded-linux-musl-x64-1.91.0.tgz#46cde4f247dbc41ee48f202ee72ab075f5c0f53b"
  integrity sha512-4kSiSGPKFMbLvTRbP/ibyiKheOA3fwsJKWU0SOuekSPmybMdrhNkTm0REp6+nehZRE60kC3lXmEV4a7w8Jrwyg==

sass-embedded-linux-riscv64@1.91.0:
  version "1.91.0"
  resolved "https://registry.yarnpkg.com/sass-embedded-linux-riscv64/-/sass-embedded-linux-riscv64-1.91.0.tgz#84848ee5d733abb7ac56984ccb1b8bafc381fb4d"
  integrity sha512-Y3Fj94SYYvMX9yo49T78yBgBWXtG3EyYUT5K05XyCYkcdl1mVXJSrEmqmRfe4vQGUCaSe/6s7MmsA9Q+mQez7Q==

sass-embedded-linux-x64@1.91.0:
  version "1.91.0"
  resolved "https://registry.yarnpkg.com/sass-embedded-linux-x64/-/sass-embedded-linux-x64-1.91.0.tgz#096c3eef14f8273d6fad99d44bd2f17af2899bed"
  integrity sha512-XwIUaE7pQP/ezS5te80hlyheYiUlo0FolQ0HBtxohpavM+DVX2fjwFm5LOUJHrLAqP+TLBtChfFeLj1Ie4Aenw==

sass-embedded-unknown-all@1.91.0:
  version "1.91.0"
  resolved "https://registry.yarnpkg.com/sass-embedded-unknown-all/-/sass-embedded-unknown-all-1.91.0.tgz#73aa4e0dd0909de0b87011b5c56bc851d1e32bd0"
  integrity sha512-Bj6v7ScQp/HtO91QBy6ood9AArSIN7/RNcT4E7P9QoY3o+e6621Vd28lV81vdepPrt6u6PgJoVKmLNODqB6Q+A==
  dependencies:
    sass "1.91.0"

sass-embedded-win32-arm64@1.91.0:
  version "1.91.0"
  resolved "https://registry.yarnpkg.com/sass-embedded-win32-arm64/-/sass-embedded-win32-arm64-1.91.0.tgz#0c22c50871fa1e36204651f527a5c3047089bc5e"
  integrity sha512-yDCwTiPRex03i1yo7LwiAl1YQ21UyfOxPobD7UjI8AE8ZcB0mQ28VVX66lsZ+qm91jfLslNFOFCD4v79xCG9hA==

sass-embedded-win32-x64@1.91.0:
  version "1.91.0"
  resolved "https://registry.yarnpkg.com/sass-embedded-win32-x64/-/sass-embedded-win32-x64-1.91.0.tgz#7fc8d00f8b2a74fa45da254b72222950991a757c"
  integrity sha512-wiuMz/cx4vsk6rYCnNyoGE5pd73aDJ/zF3qJDose3ZLT1/vV943doJE5pICnS/v5DrUqzV6a1CNq4fN+xeSgFQ==

sass-embedded@^1.90.0:
  version "1.91.0"
  resolved "https://registry.yarnpkg.com/sass-embedded/-/sass-embedded-1.91.0.tgz#074c9dba37ed288d69300fda5a18cb8fdbdae848"
  integrity sha512-VTckYcH1AglrZ3VpPETilTo3Ef472XKwP13lrNfbOHSR6Eo5p27XTkIi+6lrCbuhBFFGAmy+4BRoLaeFUgn+eg==
  dependencies:
    "@bufbuild/protobuf" "^2.5.0"
    buffer-builder "^0.2.0"
    colorjs.io "^0.5.0"
    immutable "^5.0.2"
    rxjs "^7.4.0"
    supports-color "^8.1.1"
    sync-child-process "^1.0.2"
    varint "^6.0.0"
  optionalDependencies:
    sass-embedded-all-unknown "1.91.0"
    sass-embedded-android-arm "1.91.0"
    sass-embedded-android-arm64 "1.91.0"
    sass-embedded-android-riscv64 "1.91.0"
    sass-embedded-android-x64 "1.91.0"
    sass-embedded-darwin-arm64 "1.91.0"
    sass-embedded-darwin-x64 "1.91.0"
    sass-embedded-linux-arm "1.91.0"
    sass-embedded-linux-arm64 "1.91.0"
    sass-embedded-linux-musl-arm "1.91.0"
    sass-embedded-linux-musl-arm64 "1.91.0"
    sass-embedded-linux-musl-riscv64 "1.91.0"
    sass-embedded-linux-musl-x64 "1.91.0"
    sass-embedded-linux-riscv64 "1.91.0"
    sass-embedded-linux-x64 "1.91.0"
    sass-embedded-unknown-all "1.91.0"
    sass-embedded-win32-arm64 "1.91.0"
    sass-embedded-win32-x64 "1.91.0"

sass@1.91.0:
  version "1.91.0"
  resolved "https://registry.yarnpkg.com/sass/-/sass-1.91.0.tgz#7d4f7f624b35d43f78da1c339cab24426e28d7fa"
  integrity sha512-aFOZHGf+ur+bp1bCHZ+u8otKGh77ZtmFyXDo4tlYvT7PWql41Kwd8wdkPqhhT+h2879IVblcHFglIMofsFd1EA==
  dependencies:
    chokidar "^4.0.0"
    immutable "^5.0.2"
    source-map-js ">=0.6.2 <2.0.0"
  optionalDependencies:
    "@parcel/watcher" "^2.4.1"

"source-map-js@>=0.6.2 <2.0.0", source-map-js@^1.2.1:
  version "1.2.1"
  resolved "https://registry.yarnpkg.com/source-map-js/-/source-map-js-1.2.1.tgz#1ce5650fddd87abc099eda37dcff024c2667ae46"
  integrity sha512-UXWMKhLOwVKb728IUtQPXxfYU+usdybtUrK/8uGE8CQMvrhOpwvzDBwj0QhSL7MQc7vIsISBG8VQ8+IDQxpfQA==

supports-color@^8.1.1:
  version "8.1.1"
  resolved "https://registry.yarnpkg.com/supports-color/-/supports-color-8.1.1.tgz#cd6fc17e28500cff56c1b86c0a7fd4a54a73005c"
  integrity sha512-MpUEN2OodtUzxvKQl72cUF7RQ5EiHsGvSsVG0ia9c5RbWGL2CI4C7EpPS8UTBIplnlzZiNuV56w+FuNxy3ty2Q==
  dependencies:
    has-flag "^4.0.0"

sync-child-process@^1.0.2:
  version "1.0.2"
  resolved "https://registry.yarnpkg.com/sync-child-process/-/sync-child-process-1.0.2.tgz#45e7c72e756d1243e80b547ea2e17957ab9e367f"
  integrity sha512-8lD+t2KrrScJ/7KXCSyfhT3/hRq78rC0wBFqNJXv3mZyn6hW2ypM05JmlSvtqRbeq6jqA94oHbxAr2vYsJ8vDA==
  dependencies:
    sync-message-port "^1.0.0"

sync-message-port@^1.0.0:
  version "1.1.3"
  resolved "https://registry.yarnpkg.com/sync-message-port/-/sync-message-port-1.1.3.tgz#6055c565ee8c81d2f9ee5aae7db757e6d9088c0c"
  integrity sha512-GTt8rSKje5FilG+wEdfCkOcLL7LWqpMlr2c3LRuKt/YXxcJ52aGSbGBAdI4L3aaqfrBt6y711El53ItyH1NWzg==

tinyglobby@^0.2.14:
  version "0.2.14"
  resolved "https://registry.yarnpkg.com/tinyglobby/-/tinyglobby-0.2.14.tgz#5280b0cf3f972b050e74ae88406c0a6a58f4079d"
  integrity sha512-tX5e7OM1HnYr2+a2C/4V0htOcSQcoSTH9KgJnVvNm5zm/cyEWKJ7j7YutsH9CxMdtOkkLFy2AHrMci9IM8IPZQ==
  dependencies:
    fdir "^6.4.4"
    picomatch "^4.0.2"

to-regex-range@^5.0.1:
  version "5.0.1"
  resolved "https://registry.yarnpkg.com/to-regex-range/-/to-regex-range-5.0.1.tgz#1648c44aae7c8d988a326018ed72f5b4dd0392e4"
  integrity sha512-65P7iz6X5yEr1cwcgvQxbbIw7Uk3gOy5dIdtZ4rDveLqhrdJP+Li/Hx6tyK0NEb+2GCyneCMJiGqrADCSNk8sQ==
  dependencies:
    is-number "^7.0.0"

tslib@^2.1.0, tslib@^2.4.0:
  version "2.8.1"
  resolved "https://registry.yarnpkg.com/tslib/-/tslib-2.8.1.tgz#612efe4ed235d567e8aba5f2a5fab70280ade83f"
  integrity sha512-oJFu94HQb+KVduSUQL7wnpmqnfmLsOA/nAh6b6EH0wCEoK0/mPeXU6c3wKDV83MkOuHPRHtSXKKU99IBazS/2w==

varint@^6.0.0:
  version "6.0.0"
  resolved "https://registry.yarnpkg.com/varint/-/varint-6.0.0.tgz#9881eb0ce8feaea6512439d19ddf84bf551661d0"
  integrity sha512-cXEIW6cfr15lFv563k4GuVuW/fiwjknytD37jIOLSdSWuOI6WnO/oKwmP2FQTU2l01LP8/M5TSAJpzUaGe3uWg==

vite@^7.1.2:
  version "7.1.3"
  resolved "https://registry.yarnpkg.com/vite/-/vite-7.1.3.tgz#8d70cb02fd6346b4bf1329a6760800538ef0faea"
  integrity sha512-OOUi5zjkDxYrKhTV3V7iKsoS37VUM7v40+HuwEmcrsf11Cdx9y3DIr2Px6liIcZFwt3XSRpQvFpL3WVy7ApkGw==
  dependencies:
    esbuild "^0.25.0"
    fdir "^6.5.0"
    picomatch "^4.0.3"
    postcss "^8.5.6"
    rollup "^4.43.0"
    tinyglobby "^0.2.14"
  optionalDependencies:
    fsevents "~2.3.3"
